
Microsoft Visual Studio Solution File, Format Version 12.00
# Visual Studio Version 17
VisualStudioVersion = 17.0.31912.275
MinimumVisualStudioVersion = 10.0.40219.1
Project("{FAE04EC0-301F-11D3-BF4B-00C04F79EFBC}") = "TrupjaBooks", "TrupjaBooks\TrupjaBooks.csproj", "{AFF75FE7-4331-474A-9DB4-AC07ADA4F891}"
EndProject
Global
	GlobalSection(SolutionConfigurationPlatforms) = preSolution
		Debug|Any CPU = Debug|Any CPU
		Release|Any CPU = Release|Any CPU
	EndGlobalSection
	GlobalSection(ProjectConfigurationPlatforms) = postSolution
		{AFF75FE7-4331-474A-9DB4-AC07ADA4F891}.Debug|Any CPU.ActiveCfg = Debug|Any CPU
		{AFF75FE7-4331-474A-9DB4-AC07ADA4F891}.Debug|Any CPU.Build.0 = Debug|Any CPU
		{AFF75FE7-4331-474A-9DB4-AC07ADA4F891}.Release|Any CPU.ActiveCfg = Release|Any CPU
		{AFF75FE7-4331-474A-9DB4-AC07ADA4F891}.Release|Any CPU.Build.0 = Release|Any CPU
	EndGlobalSection
	GlobalSection(SolutionProperties) = preSolution
		HideSolutionNode = FALSE
	EndGlobalSection
	GlobalSection(ExtensibilityGlobals) = postSolution
		SolutionGuid = {EC6A83FC-D4B1-4B71-954A-974A431D67DE}
	EndGlobalSection
EndGlobal
